
Microsoft Visual Studio Solution File, Format Version 12.00
# Visual Studio Version 16
VisualStudioVersion = 16.0.30011.22
MinimumVisualStudioVersion = 10.0.40219.1
Project("{FAE04EC0-301F-11D3-BF4B-00C04F79EFBC}") = "WpfApp1", "WpfApp1\WpfApp1.csproj", "{DE45A3F4-2E32-4A61-B018-8728D8B8EAC2}"
EndProject
Global
	GlobalSection(SolutionConfigurationPlatforms) = preSolution
		Debug|Any CPU = Debug|Any CPU
		Release|Any CPU = Release|Any CPU
	EndGlobalSection
	GlobalSection(ProjectConfigurationPlatforms) = postSolution
		{DE45A3F4-2E32-4A61-B018-8728D8B8EAC2}.Debug|Any CPU.ActiveCfg = Debug|Any CPU
		{DE45A3F4-2E32-4A61-B018-8728D8B8EAC2}.Debug|Any CPU.Build.0 = Debug|Any CPU
		{DE45A3F4-2E32-4A61-B018-8728D8B8EAC2}.Release|Any CPU.ActiveCfg = Release|Any CPU
		{DE45A3F4-2E32-4A61-B018-8728D8B8EAC2}.Release|Any CPU.Build.0 = Release|Any CPU
	EndGlobalSection
	GlobalSection(SolutionProperties) = preSolution
		HideSolutionNode = FALSE
	EndGlobalSection
	GlobalSection(ExtensibilityGlobals) = postSolution
		SolutionGuid = {BD08EF6A-DD28-40AC-84BE-F1A178CC3F6D}
	EndGlobalSection
EndGlobal
